# This file is automatically @generated by Cargo.
# It is not intended for manual editing.
[[package]]
name = "compiler_builtins"
version = "0.1.45"
source = "git+https://github.com/rust-lang/compiler-builtins#8ec7648739c03d4cf7f7a2cfeb42fefaa0972359"

[[package]]
name = "rv64_emulator"
version = "0.1.0"
dependencies = [
 "compiler_builtins",
]
